// !$*UTF8*$!
{
	archiveVersion = 1;
	classes = {
	};
	objectVersion = 50;
	objects = {

/* Begin PBXBuildFile section */
		C91DFEE520E31EC000025E08 /* AppDelegate.swift in Sources */ = {isa = PBXBuildFile; fileRef = C91DFEE420E31EC000025E08 /* AppDelegate.swift */; };
		C91DFEE720E31EC000025E08 /* ViewController.swift in Sources */ = {isa = PBXBuildFile; fileRef = C91DFEE620E31EC000025E08 /* ViewController.swift */; };
		C91DFEEA20E31EC000025E08 /* Main.storyboard in Resources */ = {isa = PBXBuildFile; fileRef = C91DFEE820E31EC000025E08 /* Main.storyboard */; };
		C91DFEEC20E31EC100025E08 /* Assets.xcassets in Resources */ = {isa = PBXBuildFile; fileRef = C91DFEEB20E31EC100025E08 /* Assets.xcassets */; };
		C91DFEEF20E31EC100025E08 /* LaunchScreen.storyboard in Resources */ = {isa = PBXBuildFile; fileRef = C91DFEED20E31EC100025E08 /* LaunchScreen.storyboard */; };
		C91F070320F0FB06007CD617 /* NotificationService.swift in Sources */ = {isa = PBXBuildFile; fileRef = C91F070220F0FB06007CD617 /* NotificationService.swift */; };
		C91F070720F0FB06007CD617 /* ImageServiceExtension.appex in Embed App Extensions */ = {isa = PBXBuildFile; fileRef = C91F070020F0FB06007CD617 /* ImageServiceExtension.appex */; settings = {ATTRIBUTES = (RemoveHeadersOnCopy, ); }; };
		C923712420F1836500C55FAB /* UserNotifications.framework in Frameworks */ = {isa = PBXBuildFile; fileRef = C923712320F1836500C55FAB /* UserNotifications.framework */; };
		C923712620F1836500C55FAB /* UserNotificationsUI.framework in Frameworks */ = {isa = PBXBuildFile; fileRef = C923712520F1836500C55FAB /* UserNotificationsUI.framework */; };
		C923712920F1836500C55FAB /* NotificationViewController.swift in Sources */ = {isa = PBXBuildFile; fileRef = C923712820F1836500C55FAB /* NotificationViewController.swift */; };
		C923712C20F1836500C55FAB /* MainInterface.storyboard in Resources */ = {isa = PBXBuildFile; fileRef = C923712A20F1836500C55FAB /* MainInterface.storyboard */; };
		C923713020F1836500C55FAB /* ImageContentExtension.appex in Embed App Extensions */ = {isa = PBXBuildFile; fileRef = C923712120F1836500C55FAB /* ImageContentExtension.appex */; settings = {ATTRIBUTES = (RemoveHeadersOnCopy, ); }; };
/* End PBXBuildFile section */

/* Begin PBXContainerItemProxy section */
		C91F070520F0FB06007CD617 /* PBXContainerItemProxy */ = {
			isa = PBXContainerItemProxy;
			containerPortal = C91DFED920E31EC000025E08 /* Project object */;
			proxyType = 1;
			remoteGlobalIDString = C91F06FF20F0FB06007CD617;
			remoteInfo = ImageServiceExtension;
		};
		C923712E20F1836500C55FAB /* PBXContainerItemProxy */ = {
			isa = PBXContainerItemProxy;
			containerPortal = C91DFED920E31EC000025E08 /* Project object */;
			proxyType = 1;
			remoteGlobalIDString = C923712020F1836500C55FAB;
			remoteInfo = ImageContentExtension;
		};
/* End PBXContainerItemProxy section */

/* Begin PBXCopyFilesBuildPhase section */
		C91F070B20F0FB06007CD617 /* Embed App Extensions */ = {
			isa = PBXCopyFilesBuildPhase;
			buildActionMask = 2147483647;
			dstPath = "";
			dstSubfolderSpec = 13;
			files = (
				C923713020F1836500C55FAB /* ImageContentExtension.appex in Embed App Extensions */,
				C91F070720F0FB06007CD617 /* ImageServiceExtension.appex in Embed App Extensions */,
			);
			name = "Embed App Extensions";
			runOnlyForDeploymentPostprocessing = 0;
		};
/* End PBXCopyFilesBuildPhase section */

/* Begin PBXFileReference section */
		C91DFEE120E31EC000025E08 /* PushDemo.app */ = {isa = PBXFileReference; explicitFileType = wrapper.application; includeInIndex = 0; path = PushDemo.app; sourceTree = BUILT_PRODUCTS_DIR; };
		C91DFEE420E31EC000025E08 /* AppDelegate.swift */ = {isa = PBXFileReference; lastKnownFileType = sourcecode.swift; path = AppDelegate.swift; sourceTree = "<group>"; };
		C91DFEE620E31EC000025E08 /* ViewController.swift */ = {isa = PBXFileReference; lastKnownFileType = sourcecode.swift; path = ViewController.swift; sourceTree = "<group>"; };
		C91DFEE920E31EC000025E08 /* Base */ = {isa = PBXFileReference; lastKnownFileType = file.storyboard; name = Base; path = Base.lproj/Main.storyboard; sourceTree = "<group>"; };
		C91DFEEB20E31EC100025E08 /* Assets.xcassets */ = {isa = PBXFileReference; lastKnownFileType = folder.assetcatalog; path = Assets.xcassets; sourceTree = "<group>"; };
		C91DFEEE20E31EC100025E08 /* Base */ = {isa = PBXFileReference; lastKnownFileType = file.storyboard; name = Base; path = Base.lproj/LaunchScreen.storyboard; sourceTree = "<group>"; };
		C91DFEF020E31EC100025E08 /* Info.plist */ = {isa = PBXFileReference; lastKnownFileType = text.plist.xml; path = Info.plist; sourceTree = "<group>"; };
		C91F070020F0FB06007CD617 /* ImageServiceExtension.appex */ = {isa = PBXFileReference; explicitFileType = "wrapper.app-extension"; includeInIndex = 0; path = ImageServiceExtension.appex; sourceTree = BUILT_PRODUCTS_DIR; };
		C91F070220F0FB06007CD617 /* NotificationService.swift */ = {isa = PBXFileReference; lastKnownFileType = sourcecode.swift; path = NotificationService.swift; sourceTree = "<group>"; };
		C91F070420F0FB06007CD617 /* Info.plist */ = {isa = PBXFileReference; lastKnownFileType = text.plist.xml; path = Info.plist; sourceTree = "<group>"; };
		C923712120F1836500C55FAB /* ImageContentExtension.appex */ = {isa = PBXFileReference; explicitFileType = "wrapper.app-extension"; includeInIndex = 0; path = ImageContentExtension.appex; sourceTree = BUILT_PRODUCTS_DIR; };
		C923712320F1836500C55FAB /* UserNotifications.framework */ = {isa = PBXFileReference; lastKnownFileType = wrapper.framework; name = UserNotifications.framework; path = System/Library/Frameworks/UserNotifications.framework; sourceTree = SDKROOT; };
		C923712520F1836500C55FAB /* UserNotificationsUI.framework */ = {isa = PBXFileReference; lastKnownFileType = wrapper.framework; name = UserNotificationsUI.framework; path = System/Library/Frameworks/UserNotificationsUI.framework; sourceTree = SDKROOT; };
		C923712820F1836500C55FAB /* NotificationViewController.swift */ = {isa = PBXFileReference; lastKnownFileType = sourcecode.swift; path = NotificationViewController.swift; sourceTree = "<group>"; };
		C923712B20F1836500C55FAB /* Base */ = {isa = PBXFileReference; lastKnownFileType = file.storyboard; name = Base; path = Base.lproj/MainInterface.storyboard; sourceTree = "<group>"; };
		C923712D20F1836500C55FAB /* Info.plist */ = {isa = PBXFileReference; lastKnownFileType = text.plist.xml; path = Info.plist; sourceTree = "<group>"; };
		C9FDCCFF20E46FBC003D54B6 /* PushDemo.entitlements */ = {isa = PBXFileReference; lastKnownFileType = text.plist.entitlements; path = PushDemo.entitlements; sourceTree = "<group>"; };
/* End PBXFileReference section */

/* Begin PBXFrameworksBuildPhase section */
		C91DFEDE20E31EC000025E08 /* Frameworks */ = {
			isa = PBXFrameworksBuildPhase;
			buildActionMask = 2147483647;
			files = (
			);
			runOnlyForDeploymentPostprocessing = 0;
		};
		C91F06FD20F0FB06007CD617 /* Frameworks */ = {
			isa = PBXFrameworksBuildPhase;
			buildActionMask = 2147483647;
			files = (
			);
			runOnlyForDeploymentPostprocessing = 0;
		};
		C923711E20F1836500C55FAB /* Frameworks */ = {
			isa = PBXFrameworksBuildPhase;
			buildActionMask = 2147483647;
			files = (
				C923712620F1836500C55FAB /* UserNotificationsUI.framework in Frameworks */,
				C923712420F1836500C55FAB /* UserNotifications.framework in Frameworks */,
			);
			runOnlyForDeploymentPostprocessing = 0;
		};
/* End PBXFrameworksBuildPhase section */

/* Begin PBXGroup section */
		C91DFED820E31EC000025E08 = {
			isa = PBXGroup;
			children = (
				C91DFEE320E31EC000025E08 /* PushDemo */,
				C91F070120F0FB06007CD617 /* ImageServiceExtension */,
				C923712720F1836500C55FAB /* ImageContentExtension */,
				C923712220F1836500C55FAB /* Frameworks */,
				C91DFEE220E31EC000025E08 /* Products */,
			);
			sourceTree = "<group>";
		};
		C91DFEE220E31EC000025E08 /* Products */ = {
			isa = PBXGroup;
			children = (
				C91DFEE120E31EC000025E08 /* PushDemo.app */,
				C91F070020F0FB06007CD617 /* ImageServiceExtension.appex */,
				C923712120F1836500C55FAB /* ImageContentExtension.appex */,
			);
			name = Products;
			sourceTree = "<group>";
		};
		C91DFEE320E31EC000025E08 /* PushDemo */ = {
			isa = PBXGroup;
			children = (
				C9FDCCFF20E46FBC003D54B6 /* PushDemo.entitlements */,
				C91DFEE420E31EC000025E08 /* AppDelegate.swift */,
				C91DFEE620E31EC000025E08 /* ViewController.swift */,
				C91DFEE820E31EC000025E08 /* Main.storyboard */,
				C91DFEEB20E31EC100025E08 /* Assets.xcassets */,
				C91DFEED20E31EC100025E08 /* LaunchScreen.storyboard */,
				C91DFEF020E31EC100025E08 /* Info.plist */,
			);
			path = PushDemo;
			sourceTree = "<group>";
		};
		C91F070120F0FB06007CD617 /* ImageServiceExtension */ = {
			isa = PBXGroup;
			children = (
				C91F070220F0FB06007CD617 /* NotificationService.swift */,
				C91F070420F0FB06007CD617 /* Info.plist */,
			);
			path = ImageServiceExtension;
			sourceTree = "<group>";
		};
		C923712220F1836500C55FAB /* Frameworks */ = {
			isa = PBXGroup;
			children = (
				C923712320F1836500C55FAB /* UserNotifications.framework */,
				C923712520F1836500C55FAB /* UserNotificationsUI.framework */,
			);
			name = Frameworks;
			sourceTree = "<group>";
		};
		C923712720F1836500C55FAB /* ImageContentExtension */ = {
			isa = PBXGroup;
			children = (
				C923712820F1836500C55FAB /* NotificationViewController.swift */,
				C923712A20F1836500C55FAB /* MainInterface.storyboard */,
				C923712D20F1836500C55FAB /* Info.plist */,
			);
			path = ImageContentExtension;
			sourceTree = "<group>";
		};
/* End PBXGroup section */

/* Begin PBXNativeTarget section */
		C91DFEE020E31EC000025E08 /* PushDemo */ = {
			isa = PBXNativeTarget;
			buildConfigurationList = C91DFEF320E31EC100025E08 /* Build configuration list for PBXNativeTarget "PushDemo" */;
			buildPhases = (
				C91DFEDD20E31EC000025E08 /* Sources */,
				C91DFEDE20E31EC000025E08 /* Frameworks */,
				C91DFEDF20E31EC000025E08 /* Resources */,
				C91F070B20F0FB06007CD617 /* Embed App Extensions */,
			);
			buildRules = (
			);
			dependencies = (
				C91F070620F0FB06007CD617 /* PBXTargetDependency */,
				C923712F20F1836500C55FAB /* PBXTargetDependency */,
			);
			name = PushDemo;
			productName = PushDemo;
			productReference = C91DFEE120E31EC000025E08 /* PushDemo.app */;
			productType = "com.apple.product-type.application";
		};
		C91F06FF20F0FB06007CD617 /* ImageServiceExtension */ = {
			isa = PBXNativeTarget;
			buildConfigurationList = C91F070A20F0FB06007CD617 /* Build configuration list for PBXNativeTarget "ImageServiceExtension" */;
			buildPhases = (
				C91F06FC20F0FB06007CD617 /* Sources */,
				C91F06FD20F0FB06007CD617 /* Frameworks */,
				C91F06FE20F0FB06007CD617 /* Resources */,
			);
			buildRules = (
			);
			dependencies = (
			);
			name = ImageServiceExtension;
			productName = ImageServiceExtension;
			productReference = C91F070020F0FB06007CD617 /* ImageServiceExtension.appex */;
			productType = "com.apple.product-type.app-extension";
		};
		C923712020F1836500C55FAB /* ImageContentExtension */ = {
			isa = PBXNativeTarget;
			buildConfigurationList = C923713320F1836500C55FAB /* Build configuration list for PBXNativeTarget "ImageContentExtension" */;
			buildPhases = (
				C923711D20F1836500C55FAB /* Sources */,
				C923711E20F1836500C55FAB /* Frameworks */,
				C923711F20F1836500C55FAB /* Resources */,
			);
			buildRules = (
			);
			dependencies = (
			);
			name = ImageContentExtension;
			productName = ImageContentExtension;
			productReference = C923712120F1836500C55FAB /* ImageContentExtension.appex */;
			productType = "com.apple.product-type.app-extension";
		};
/* End PBXNativeTarget section */

/* Begin PBXProject section */
		C91DFED920E31EC000025E08 /* Project object */ = {
			isa = PBXProject;
			attributes = {
				LastSwiftUpdateCheck = 1000;
				LastUpgradeCheck = 1000;
				ORGANIZATIONNAME = "Sleekible, LLC";
				TargetAttributes = {
					C91DFEE020E31EC000025E08 = {
						CreatedOnToolsVersion = 10.0;
						SystemCapabilities = {
							com.apple.Push = {
								enabled = 1;
							};
						};
					};
					C91F06FF20F0FB06007CD617 = {
						CreatedOnToolsVersion = 10.0;
					};
					C923712020F1836500C55FAB = {
						CreatedOnToolsVersion = 10.0;
					};
				};
			};
			buildConfigurationList = C91DFEDC20E31EC000025E08 /* Build configuration list for PBXProject "PushDemo" */;
			compatibilityVersion = "Xcode 9.3";
			developmentRegion = en;
			hasScannedForEncodings = 0;
			knownRegions = (
				en,
				Base,
			);
			mainGroup = C91DFED820E31EC000025E08;
			productRefGroup = C91DFEE220E31EC000025E08 /* Products */;
			projectDirPath = "";
			projectRoot = "";
			targets = (
				C91DFEE020E31EC000025E08 /* PushDemo */,
				C91F06FF20F0FB06007CD617 /* ImageServiceExtension */,
				C923712020F1836500C55FAB /* ImageContentExtension */,
			);
		};
/* End PBXProject section */

/* Begin PBXResourcesBuildPhase section */
		C91DFEDF20E31EC000025E08 /* Resources */ = {
			isa = PBXResourcesBuildPhase;
			buildActionMask = 2147483647;
			files = (
				C91DFEEF20E31EC100025E08 /* LaunchScreen.storyboard in Resources */,
				C91DFEEC20E31EC100025E08 /* Assets.xcassets in Resources */,
				C91DFEEA20E31EC000025E08 /* Main.storyboard in Resources */,
			);
			runOnlyForDeploymentPostprocessing = 0;
		};
		C91F06FE20F0FB06007CD617 /* Resources */ = {
			isa = PBXResourcesBuildPhase;
			buildActionMask = 2147483647;
			files = (
			);
			runOnlyForDeploymentPostprocessing = 0;
		};
		C923711F20F1836500C55FAB /* Resources */ = {
			isa = PBXResourcesBuildPhase;
			buildActionMask = 2147483647;
			files = (
				C923712C20F1836500C55FAB /* MainInterface.storyboard in Resources */,
			);
			runOnlyForDeploymentPostprocessing = 0;
		};
/* End PBXResourcesBuildPhase section */

/* Begin PBXSourcesBuildPhase section */
		C91DFEDD20E31EC000025E08 /* Sources */ = {
			isa = PBXSourcesBuildPhase;
			buildActionMask = 2147483647;
			files = (
				C91DFEE720E31EC000025E08 /* ViewController.swift in Sources */,
				C91DFEE520E31EC000025E08 /* AppDelegate.swift in Sources */,
			);
			runOnlyForDeploymentPostprocessing = 0;
		};
		C91F06FC20F0FB06007CD617 /* Sources */ = {
			isa = PBXSourcesBuildPhase;
			buildActionMask = 2147483647;
			files = (
				C91F070320F0FB06007CD617 /* NotificationService.swift in Sources */,
			);
			runOnlyForDeploymentPostprocessing = 0;
		};
		C923711D20F1836500C55FAB /* Sources */ = {
			isa = PBXSourcesBuildPhase;
			buildActionMask = 2147483647;
			files = (
				C923712920F1836500C55FAB /* NotificationViewController.swift in Sources */,
			);
			runOnlyForDeploymentPostprocessing = 0;
		};
/* End PBXSourcesBuildPhase section */

/* Begin PBXTargetDependency section */
		C91F070620F0FB06007CD617 /* PBXTargetDependency */ = {
			isa = PBXTargetDependency;
			target = C91F06FF20F0FB06007CD617 /* ImageServiceExtension */;
			targetProxy = C91F070520F0FB06007CD617 /* PBXContainerItemProxy */;
		};
		C923712F20F1836500C55FAB /* PBXTargetDependency */ = {
			isa = PBXTargetDependency;
			target = C923712020F1836500C55FAB /* ImageContentExtension */;
			targetProxy = C923712E20F1836500C55FAB /* PBXContainerItemProxy */;
		};
/* End PBXTargetDependency section */

/* Begin PBXVariantGroup section */
		C91DFEE820E31EC000025E08 /* Main.storyboard */ = {
			isa = PBXVariantGroup;
			children = (
				C91DFEE920E31EC000025E08 /* Base */,
			);
			name = Main.storyboard;
			sourceTree = "<group>";
		};
		C91DFEED20E31EC100025E08 /* LaunchScreen.storyboard */ = {
			isa = PBXVariantGroup;
			children = (
				C91DFEEE20E31EC100025E08 /* Base */,
			);
			name = LaunchScreen.storyboard;
			sourceTree = "<group>";
		};
		C923712A20F1836500C55FAB /* MainInterface.storyboard */ = {
			isa = PBXVariantGroup;
			children = (
				C923712B20F1836500C55FAB /* Base */,
			);
			name = MainInterface.storyboard;
			sourceTree = "<group>";
		};
/* End PBXVariantGroup section */

/* Begin XCBuildConfiguration section */
		C91DFEF120E31EC100025E08 /* Debug */ = {
			isa = XCBuildConfiguration;
			buildSettings = {
				ALWAYS_SEARCH_USER_PATHS = NO;
				CLANG_ANALYZER_NONNULL = YES;
				CLANG_ANALYZER_NUMBER_OBJECT_CONVERSION = YES_AGGRESSIVE;
				CLANG_CXX_LANGUAGE_STANDARD = "gnu++14";
				CLANG_CXX_LIBRARY = "libc++";
				CLANG_ENABLE_MODULES = YES;
				CLANG_ENABLE_OBJC_ARC = YES;
				CLANG_ENABLE_OBJC_WEAK = YES;
				CLANG_WARN_BLOCK_CAPTURE_AUTORELEASING = YES;
				CLANG_WARN_BOOL_CONVERSION = YES;
				CLANG_WARN_COMMA = YES;
				CLANG_WARN_CONSTANT_CONVERSION = YES;
				CLANG_WARN_DEPRECATED_OBJC_IMPLEMENTATIONS = YES;
				CLANG_WARN_DIRECT_OBJC_ISA_USAGE = YES_ERROR;
				CLANG_WARN_DOCUMENTATION_COMMENTS = YES;
				CLANG_WARN_EMPTY_BODY = YES;
				CLANG_WARN_ENUM_CONVERSION = YES;
				CLANG_WARN_INFINITE_RECURSION = YES;
				CLANG_WARN_INT_CONVERSION = YES;
				CLANG_WARN_NON_LITERAL_NULL_CONVERSION = YES;
				CLANG_WARN_OBJC_IMPLICIT_RETAIN_SELF = YES;
				CLANG_WARN_OBJC_LITERAL_CONVERSION = YES;
				CLANG_WARN_OBJC_ROOT_CLASS = YES_ERROR;
				CLANG_WARN_RANGE_LOOP_ANALYSIS = YES;
				CLANG_WARN_STRICT_PROTOTYPES = YES;
				CLANG_WARN_SUSPICIOUS_MOVE = YES;
				CLANG_WARN_UNGUARDED_AVAILABILITY = YES_AGGRESSIVE;
				CLANG_WARN_UNREACHABLE_CODE = YES;
				CLANG_WARN__DUPLICATE_METHOD_MATCH = YES;
				CODE_SIGN_IDENTITY = "iPhone Developer";
				COPY_PHASE_STRIP = NO;
				DEBUG_INFORMATION_FORMAT = dwarf;
				ENABLE_STRICT_OBJC_MSGSEND = YES;
				ENABLE_TESTABILITY = YES;
				GCC_C_LANGUAGE_STANDARD = gnu11;
				GCC_DYNAMIC_NO_PIC = NO;
				GCC_NO_COMMON_BLOCKS = YES;
				GCC_OPTIMIZATION_LEVEL = 0;
				GCC_PREPROCESSOR_DEFINITIONS = (
					"DEBUG=1",
					"$(inherited)",
				);
				GCC_WARN_64_TO_32_BIT_CONVERSION = YES;
				GCC_WARN_ABOUT_RETURN_TYPE = YES_ERROR;
				GCC_WARN_UNDECLARED_SELECTOR = YES;
				GCC_WARN_UNINITIALIZED_AUTOS = YES_AGGRESSIVE;
				GCC_WARN_UNUSED_FUNCTION = YES;
				GCC_WARN_UNUSED_VARIABLE = YES;
				IPHONEOS_DEPLOYMENT_TARGET = 12.0;
				MTL_ENABLE_DEBUG_INFO = INCLUDE_SOURCE;
				ONLY_ACTIVE_ARCH = YES;
				SDKROOT = iphoneos;
				SWIFT_ACTIVE_COMPILATION_CONDITIONS = DEBUG;
				SWIFT_OPTIMIZATION_LEVEL = "-Onone";
			};
			name = Debug;
		};
		C91DFEF220E31EC100025E08 /* Release */ = {
			isa = XCBuildConfiguration;
			buildSettings = {
				ALWAYS_SEARCH_USER_PATHS = NO;
				CLANG_ANALYZER_NONNULL = YES;
				CLANG_ANALYZER_NUMBER_OBJECT_CONVERSION = YES_AGGRESSIVE;
				CLANG_CXX_LANGUAGE_STANDARD = "gnu++14";
				CLANG_CXX_LIBRARY = "libc++";
				CLANG_ENABLE_MODULES = YES;
				CLANG_ENABLE_OBJC_ARC = YES;
				CLANG_ENABLE_OBJC_WEAK = YES;
				CLANG_WARN_BLOCK_CAPTURE_AUTORELEASING = YES;
				CLANG_WARN_BOOL_CONVERSION = YES;
				CLANG_WARN_COMMA = YES;
				CLANG_WARN_CONSTANT_CONVERSION = YES;
				CLANG_WARN_DEPRECATED_OBJC_IMPLEMENTATIONS = YES;
				CLANG_WARN_DIRECT_OBJC_ISA_USAGE = YES_ERROR;
				CLANG_WARN_DOCUMENTATION_COMMENTS = YES;
				CLANG_WARN_EMPTY_BODY = YES;
				CLANG_WARN_ENUM_CONVERSION = YES;
				CLANG_WARN_INFINITE_RECURSION = YES;
				CLANG_WARN_INT_CONVERSION = YES;
				CLANG_WARN_NON_LITERAL_NULL_CONVERSION = YES;
				CLANG_WARN_OBJC_IMPLICIT_RETAIN_SELF = YES;
				CLANG_WARN_OBJC_LITERAL_CONVERSION = YES;
				CLANG_WARN_OBJC_ROOT_CLASS = YES_ERROR;
				CLANG_WARN_RANGE_LOOP_ANALYSIS = YES;
				CLANG_WARN_STRICT_PROTOTYPES = YES;
				CLANG_WARN_SUSPICIOUS_MOVE = YES;
				CLANG_WARN_UNGUARDED_AVAILABILITY = YES_AGGRESSIVE;
				CLANG_WARN_UNREACHABLE_CODE = YES;
				CLANG_WARN__DUPLICATE_METHOD_MATCH = YES;
				CODE_SIGN_IDENTITY = "iPhone Developer";
				COPY_PHASE_STRIP = NO;
				DEBUG_INFORMATION_FORMAT = "dwarf-with-dsym";
				ENABLE_NS_ASSERTIONS = NO;
				ENABLE_STRICT_OBJC_MSGSEND = YES;
				GCC_C_LANGUAGE_STANDARD = gnu11;
				GCC_NO_COMMON_BLOCKS = YES;
				GCC_WARN_64_TO_32_BIT_CONVERSION = YES;
				GCC_WARN_ABOUT_RETURN_TYPE = YES_ERROR;
				GCC_WARN_UNDECLARED_SELECTOR = YES;
				GCC_WARN_UNINITIALIZED_AUTOS = YES_AGGRESSIVE;
				GCC_WARN_UNUSED_FUNCTION = YES;
				GCC_WARN_UNUSED_VARIABLE = YES;
				IPHONEOS_DEPLOYMENT_TARGET = 12.0;
				MTL_ENABLE_DEBUG_INFO = NO;
				SDKROOT = iphoneos;
				SWIFT_COMPILATION_MODE = wholemodule;
				SWIFT_OPTIMIZATION_LEVEL = "-O";
				VALIDATE_PRODUCT = YES;
			};
			name = Release;
		};
		C91DFEF420E31EC100025E08 /* Debug */ = {
			isa = XCBuildConfiguration;
			buildSettings = {
				ALWAYS_EMBED_SWIFT_STANDARD_LIBRARIES = YES;
				ASSETCATALOG_COMPILER_APPICON_NAME = AppIcon;
				CODE_SIGN_ENTITLEMENTS = PushDemo/PushDemo.entitlements;
				CODE_SIGN_STYLE = Automatic;
				DEVELOPMENT_TEAM = 25V97QMNV5;
				INFOPLIST_FILE = PushDemo/Info.plist;
				LD_RUNPATH_SEARCH_PATHS = (
					"$(inherited)",
					"@executable_path/Frameworks",
				);
				PRODUCT_BUNDLE_IDENTIFIER = com.sleekible.PushDemo;
				PRODUCT_NAME = "$(TARGET_NAME)";
				SWIFT_VERSION = 4.2;
				TARGETED_DEVICE_FAMILY = "1,2";
			};
			name = Debug;
		};
		C91DFEF520E31EC100025E08 /* Release */ = {
			isa = XCBuildConfiguration;
			buildSettings = {
				ALWAYS_EMBED_SWIFT_STANDARD_LIBRARIES = YES;
				ASSETCATALOG_COMPILER_APPICON_NAME = AppIcon;
				CODE_SIGN_ENTITLEMENTS = PushDemo/PushDemo.entitlements;
				CODE_SIGN_STYLE = Automatic;
				DEVELOPMENT_TEAM = 25V97QMNV5;
				INFOPLIST_FILE = PushDemo/Info.plist;
				LD_RUNPATH_SEARCH_PATHS = (
					"$(inherited)",
					"@executable_path/Frameworks",
				);
				PRODUCT_BUNDLE_IDENTIFIER = com.sleekible.PushDemo;
				PRODUCT_NAME = "$(TARGET_NAME)";
				SWIFT_VERSION = 4.2;
				TARGETED_DEVICE_FAMILY = "1,2";
			};
			name = Release;
		};
		C91F070820F0FB06007CD617 /* Debug */ = {
			isa = XCBuildConfiguration;
			buildSettings = {
				CODE_SIGN_STYLE = Automatic;
				DEVELOPMENT_TEAM = 25V97QMNV5;
				INFOPLIST_FILE = ImageServiceExtension/Info.plist;
				LD_RUNPATH_SEARCH_PATHS = (
					"$(inherited)",
					"@executable_path/Frameworks",
					"@executable_path/../../Frameworks",
				);
				PRODUCT_BUNDLE_IDENTIFIER = com.sleekible.PushDemo.ImageServiceExtension;
				PRODUCT_NAME = "$(TARGET_NAME)";
				SKIP_INSTALL = YES;
				SWIFT_VERSION = 4.2;
				TARGETED_DEVICE_FAMILY = "1,2";
			};
			name = Debug;
		};
		C91F070920F0FB06007CD617 /* Release */ = {
			isa = XCBuildConfiguration;
			buildSettings = {
				CODE_SIGN_STYLE = Automatic;
				DEVELOPMENT_TEAM = 25V97QMNV5;
				INFOPLIST_FILE = ImageServiceExtension/Info.plist;
				LD_RUNPATH_SEARCH_PATHS = (
					"$(inherited)",
					"@executable_path/Frameworks",
					"@executable_path/../../Frameworks",
				);
				PRODUCT_BUNDLE_IDENTIFIER = com.sleekible.PushDemo.ImageServiceExtension;
				PRODUCT_NAME = "$(TARGET_NAME)";
				SKIP_INSTALL = YES;
				SWIFT_VERSION = 4.2;
				TARGETED_DEVICE_FAMILY = "1,2";
			};
			name = Release;
		};
		C923713120F1836500C55FAB /* Debug */ = {
			isa = XCBuildConfiguration;
			buildSettings = {
				CODE_SIGN_STYLE = Automatic;
				DEVELOPMENT_TEAM = 25V97QMNV5;
				INFOPLIST_FILE = ImageContentExtension/Info.plist;
				LD_RUNPATH_SEARCH_PATHS = (
					"$(inherited)",
					"@executable_path/Frameworks",
					"@executable_path/../../Frameworks",
				);
				MTL_FAST_MATH = YES;
				PRODUCT_BUNDLE_IDENTIFIER = com.sleekible.PushDemo.ImageContentExtension;
				PRODUCT_NAME = "$(TARGET_NAME)";
				SKIP_INSTALL = YES;
				SWIFT_VERSION = 4.2;
				TARGETED_DEVICE_FAMILY = "1,2";
			};
			name = Debug;
		};
		C923713220F1836500C55FAB /* Release */ = {
			isa = XCBuildConfiguration;
			buildSettings = {
				CODE_SIGN_STYLE = Automatic;
				DEVELOPMENT_TEAM = 25V97QMNV5;
				INFOPLIST_FILE = ImageContentExtension/Info.plist;
				LD_RUNPATH_SEARCH_PATHS = (
					"$(inherited)",
					"@executable_path/Frameworks",
					"@executable_path/../../Frameworks",
				);
				MTL_FAST_MATH = YES;
				PRODUCT_BUNDLE_IDENTIFIER = com.sleekible.PushDemo.ImageContentExtension;
				PRODUCT_NAME = "$(TARGET_NAME)";
				SKIP_INSTALL = YES;
				SWIFT_VERSION = 4.2;
				TARGETED_DEVICE_FAMILY = "1,2";
			};
			name = Release;
		};
/* End XCBuildConfiguration section */

/* Begin XCConfigurationList section */
		C91DFEDC20E31EC000025E08 /* Build configuration list for PBXProject "PushDemo" */ = {
			isa = XCConfigurationList;
			buildConfigurations = (
				C91DFEF120E31EC100025E08 /* Debug */,
				C91DFEF220E31EC100025E08 /* Release */,
			);
			defaultConfigurationIsVisible = 0;
			defaultConfigurationName = Release;
		};
		C91DFEF320E31EC100025E08 /* Build configuration list for PBXNativeTarget "PushDemo" */ = {
			isa = XCConfigurationList;
			buildConfigurations = (
				C91DFEF420E31EC100025E08 /* Debug */,
				C91DFEF520E31EC100025E08 /* Release */,
			);
			defaultConfigurationIsVisible = 0;
			defaultConfigurationName = Release;
		};
		C91F070A20F0FB06007CD617 /* Build configuration list for PBXNativeTarget "ImageServiceExtension" */ = {
			isa = XCConfigurationList;
			buildConfigurations = (
				C91F070820F0FB06007CD617 /* Debug */,
				C91F070920F0FB06007CD617 /* Release */,
			);
			defaultConfigurationIsVisible = 0;
			defaultConfigurationName = Release;
		};
		C923713320F1836500C55FAB /* Build configuration list for PBXNativeTarget "ImageContentExtension" */ = {
			isa = XCConfigurationList;
			buildConfigurations = (
				C923713120F1836500C55FAB /* Debug */,
				C923713220F1836500C55FAB /* Release */,
			);
			defaultConfigurationIsVisible = 0;
			defaultConfigurationName = Release;
		};
/* End XCConfigurationList section */
	};
	rootObject = C91DFED920E31EC000025E08 /* Project object */;
}
